
Microsoft Visual Studio Solution File, Format Version 12.00
# Visual Studio Version 16
VisualStudioVersion = 16.0.31702.278
MinimumVisualStudioVersion = 10.0.40219.1
Project("{FAE04EC0-301F-11D3-BF4B-00C04F79EFBC}") = "Aula144_ExcecoesPersonalizadasParte2", "Aula144_ExcecoesPersonalizadasParte2\Aula144_ExcecoesPersonalizadasParte2.csproj", "{563EA013-A3A3-49E3-A6AC-379D79B24A71}"
EndProject
Global
	GlobalSection(SolutionConfigurationPlatforms) = preSolution
		Debug|Any CPU = Debug|Any CPU
		Release|Any CPU = Release|Any CPU
	EndGlobalSection
	GlobalSection(ProjectConfigurationPlatforms) = postSolution
		{563EA013-A3A3-49E3-A6AC-379D79B24A71}.Debug|Any CPU.ActiveCfg = Debug|Any CPU
		{563EA013-A3A3-49E3-A6AC-379D79B24A71}.Debug|Any CPU.Build.0 = Debug|Any CPU
		{563EA013-A3A3-49E3-A6AC-379D79B24A71}.Release|Any CPU.ActiveCfg = Release|Any CPU
		{563EA013-A3A3-49E3-A6AC-379D79B24A71}.Release|Any CPU.Build.0 = Release|Any CPU
	EndGlobalSection
	GlobalSection(SolutionProperties) = preSolution
		HideSolutionNode = FALSE
	EndGlobalSection
	GlobalSection(ExtensibilityGlobals) = postSolution
		SolutionGuid = {6FC82CAE-8B69-47EB-8BD5-BAF1E6539EB2}
	EndGlobalSection
EndGlobal
